
Microsoft Visual Studio Solution File, Format Version 12.00
# Visual Studio 15
VisualStudioVersion = 15.0.28010.2041
MinimumVisualStudioVersion = 10.0.40219.1
Project("{8BC9CEB8-8B4A-11D0-8D11-00A0C91BC942}") = "Game", "Game\Game.vcxproj", "{860D6064-5724-42AC-B22A-4617041DBAE0}"
	ProjectSection(ProjectDependencies) = postProject
		{28EF574A-84DB-3CB0-9B45-DB3545B2D05C} = {28EF574A-84DB-3CB0-9B45-DB3545B2D05C}
		{9E0FC05E-69E9-4E14-B784-233842771258} = {9E0FC05E-69E9-4E14-B784-233842771258}
		{4DCE52A5-106C-3D94-815D-C8EBC6133B5E} = {4DCE52A5-106C-3D94-815D-C8EBC6133B5E}
		{8ECBBDCD-865E-345B-9496-62B82F2FFEC5} = {8ECBBDCD-865E-345B-9496-62B82F2FFEC5}
		{E0B52AE7-E160-4D32-BF3F-910B785E5A8E} = {E0B52AE7-E160-4D32-BF3F-910B785E5A8E}
		{9BF1ADF3-EB57-35E8-B156-ADE8FFC7E2F0} = {9BF1ADF3-EB57-35E8-B156-ADE8FFC7E2F0}
	EndProjectSection
EndProject
Project("{8BC9CEB8-8B4A-11D0-8D11-00A0C91BC942}") = "BulletCollision", "..\osumaruEngine\bulletPhysics\src\BulletCollision\BulletCollision.vcxproj", "{28EF574A-84DB-3CB0-9B45-DB3545B2D05C}"
EndProject
Project("{8BC9CEB8-8B4A-11D0-8D11-00A0C91BC942}") = "BulletDynamics", "..\osumaruEngine\bulletPhysics\src\BulletDynamics\BulletDynamics.vcxproj", "{9BF1ADF3-EB57-35E8-B156-ADE8FFC7E2F0}"
EndProject
Project("{8BC9CEB8-8B4A-11D0-8D11-00A0C91BC942}") = "BulletSoftBody", "..\osumaruEngine\bulletPhysics\src\BulletSoftBody\BulletSoftBody.vcxproj", "{8ECBBDCD-865E-345B-9496-62B82F2FFEC5}"
EndProject
Project("{8BC9CEB8-8B4A-11D0-8D11-00A0C91BC942}") = "LinearMath", "..\osumaruEngine\bulletPhysics\src\LinearMath\LinearMath.vcxproj", "{4DCE52A5-106C-3D94-815D-C8EBC6133B5E}"
EndProject
Project("{2150E333-8FDC-42A3-9474-1A3956D46DE8}") = "exlib", "exlib", "{175B20F3-1A74-49C0-84FB-EAEC7B9D6911}"
EndProject
Project("{8BC9CEB8-8B4A-11D0-8D11-00A0C91BC942}") = "DirectXTK_Desktop_2015_Win10", "..\osumaruEngine\DirectXTK\DirectXTK_Desktop_2015_Win10.vcxproj", "{E0B52AE7-E160-4D32-BF3F-910B785E5A8E}"
EndProject
Project("{8BC9CEB8-8B4A-11D0-8D11-00A0C91BC942}") = "osumaruEngine", "..\osumaruEngine\osumaruEngine.vcxproj", "{9E0FC05E-69E9-4E14-B784-233842771258}"
EndProject
Global
	GlobalSection(SolutionConfigurationPlatforms) = preSolution
		Debug|x64 = Debug|x64
		Debug|x86 = Debug|x86
		MinSizeRel|x64 = MinSizeRel|x64
		MinSizeRel|x86 = MinSizeRel|x86
		Preview|x64 = Preview|x64
		Preview|x86 = Preview|x86
		Release|x64 = Release|x64
		Release|x86 = Release|x86
		RelWithDebInfo|x64 = RelWithDebInfo|x64
		RelWithDebInfo|x86 = RelWithDebInfo|x86
	EndGlobalSection
	GlobalSection(ProjectConfigurationPlatforms) = postSolution
		{860D6064-5724-42AC-B22A-4617041DBAE0}.Debug|x64.ActiveCfg = Debug|x64
		{860D6064-5724-42AC-B22A-4617041DBAE0}.Debug|x64.Build.0 = Debug|x64
		{860D6064-5724-42AC-B22A-4617041DBAE0}.Debug|x86.ActiveCfg = Debug|Win32
		{860D6064-5724-42AC-B22A-4617041DBAE0}.Debug|x86.Build.0 = Debug|Win32
		{860D6064-5724-42AC-B22A-4617041DBAE0}.MinSizeRel|x64.ActiveCfg = Release|x64
		{860D6064-5724-42AC-B22A-4617041DBAE0}.MinSizeRel|x64.Build.0 = Release|x64
		{860D6064-5724-42AC-B22A-4617041DBAE0}.MinSizeRel|x86.ActiveCfg = Release|Win32
		{860D6064-5724-42AC-B22A-4617041DBAE0}.MinSizeRel|x86.Build.0 = Release|Win32
		{860D6064-5724-42AC-B22A-4617041DBAE0}.Preview|x64.ActiveCfg = Release|x64
		{860D6064-5724-42AC-B22A-4617041DBAE0}.Preview|x64.Build.0 = Release|x64
		{860D6064-5724-42AC-B22A-4617041DBAE0}.Preview|x86.ActiveCfg = Release|Win32
		{860D6064-5724-42AC-B22A-4617041DBAE0}.Preview|x86.Build.0 = Release|Win32
		{860D6064-5724-42AC-B22A-4617041DBAE0}.Release|x64.ActiveCfg = Release|x64
		{860D6064-5724-42AC-B22A-4617041DBAE0}.Release|x64.Build.0 = Release|x64
		{860D6064-5724-42AC-B22A-4617041DBAE0}.Release|x86.ActiveCfg = Release|Win32
		{860D6064-5724-42AC-B22A-4617041DBAE0}.Release|x86.Build.0 = Release|Win32
		{860D6064-5724-42AC-B22A-4617041DBAE0}.RelWithDebInfo|x64.ActiveCfg = Release|x64
		{860D6064-5724-42AC-B22A-4617041DBAE0}.RelWithDebInfo|x64.Build.0 = Release|x64
		{860D6064-5724-42AC-B22A-4617041DBAE0}.RelWithDebInfo|x86.ActiveCfg = Release|Win32
		{860D6064-5724-42AC-B22A-4617041DBAE0}.RelWithDebInfo|x86.Build.0 = Release|Win32
		{28EF574A-84DB-3CB0-9B45-DB3545B2D05C}.Debug|x64.ActiveCfg = Debug|x64
		{28EF574A-84DB-3CB0-9B45-DB3545B2D05C}.Debug|x64.Build.0 = Debug|x64
		{28EF574A-84DB-3CB0-9B45-DB3545B2D05C}.Debug|x86.ActiveCfg = Debug|Win32
		{28EF574A-84DB-3CB0-9B45-DB3545B2D05C}.Debug|x86.Build.0 = Debug|Win32
		{28EF574A-84DB-3CB0-9B45-DB3545B2D05C}.MinSizeRel|x64.ActiveCfg = MinSizeRel|x64
		{28EF574A-84DB-3CB0-9B45-DB3545B2D05C}.MinSizeRel|x64.Build.0 = MinSizeRel|x64
		{28EF574A-84DB-3CB0-9B45-DB3545B2D05C}.MinSizeRel|x86.ActiveCfg = MinSizeRel|Win32
		{28EF574A-84DB-3CB0-9B45-DB3545B2D05C}.MinSizeRel|x86.Build.0 = MinSizeRel|Win32
		{28EF574A-84DB-3CB0-9B45-DB3545B2D05C}.Preview|x64.ActiveCfg = RelWithDebInfo|x64
		{28EF574A-84DB-3CB0-9B45-DB3545B2D05C}.Preview|x64.Build.0 = RelWithDebInfo|x64
		{28EF574A-84DB-3CB0-9B45-DB3545B2D05C}.Preview|x86.ActiveCfg = RelWithDebInfo|Win32
		{28EF574A-84DB-3CB0-9B45-DB3545B2D05C}.Preview|x86.Build.0 = RelWithDebInfo|Win32
		{28EF574A-84DB-3CB0-9B45-DB3545B2D05C}.Release|x64.ActiveCfg = Release|x64
		{28EF574A-84DB-3CB0-9B45-DB3545B2D05C}.Release|x64.Build.0 = Release|x64
		{28EF574A-84DB-3CB0-9B45-DB3545B2D05C}.Release|x86.ActiveCfg = Release|Win32
		{28EF574A-84DB-3CB0-9B45-DB3545B2D05C}.Release|x86.Build.0 = Release|Win32
		{28EF574A-84DB-3CB0-9B45-DB3545B2D05C}.RelWithDebInfo|x64.ActiveCfg = RelWithDebInfo|x64
		{28EF574A-84DB-3CB0-9B45-DB3545B2D05C}.RelWithDebInfo|x64.Build.0 = RelWithDebInfo|x64
		{28EF574A-84DB-3CB0-9B45-DB3545B2D05C}.RelWithDebInfo|x86.ActiveCfg = RelWithDebInfo|Win32
		{28EF574A-84DB-3CB0-9B45-DB3545B2D05C}.RelWithDebInfo|x86.Build.0 = RelWithDebInfo|Win32
		{9BF1ADF3-EB57-35E8-B156-ADE8FFC7E2F0}.Debug|x64.ActiveCfg = Debug|x64
		{9BF1ADF3-EB57-35E8-B156-ADE8FFC7E2F0}.Debug|x64.Build.0 = Debug|x64
		{9BF1ADF3-EB57-35E8-B156-ADE8FFC7E2F0}.Debug|x86.ActiveCfg = Debug|Win32
		{9BF1ADF3-EB57-35E8-B156-ADE8FFC7E2F0}.Debug|x86.Build.0 = Debug|Win32
		{9BF1ADF3-EB57-35E8-B156-ADE8FFC7E2F0}.MinSizeRel|x64.ActiveCfg = MinSizeRel|x64
		{9BF1ADF3-EB57-35E8-B156-ADE8FFC7E2F0}.MinSizeRel|x64.Build.0 = MinSizeRel|x64
		{9BF1ADF3-EB57-35E8-B156-ADE8FFC7E2F0}.MinSizeRel|x86.ActiveCfg = MinSizeRel|Win32
		{9BF1ADF3-EB57-35E8-B156-ADE8FFC7E2F0}.MinSizeRel|x86.Build.0 = MinSizeRel|Win32
		{9BF1ADF3-EB57-35E8-B156-ADE8FFC7E2F0}.Preview|x64.ActiveCfg = RelWithDebInfo|x64
		{9BF1ADF3-EB57-35E8-B156-ADE8FFC7E2F0}.Preview|x64.Build.0 = RelWithDebInfo|x64
		{9BF1ADF3-EB57-35E8-B156-ADE8FFC7E2F0}.Preview|x86.ActiveCfg = RelWithDebInfo|Win32
		{9BF1ADF3-EB57-35E8-B156-ADE8FFC7E2F0}.Preview|x86.Build.0 = RelWithDebInfo|Win32
		{9BF1ADF3-EB57-35E8-B156-ADE8FFC7E2F0}.Release|x64.ActiveCfg = Release|x64
		{9BF1ADF3-EB57-35E8-B156-ADE8FFC7E2F0}.Release|x64.Build.0 = Release|x64
		{9BF1ADF3-EB57-35E8-B156-ADE8FFC7E2F0}.Release|x86.ActiveCfg = Release|Win32
		{9BF1ADF3-EB57-35E8-B156-ADE8FFC7E2F0}.Release|x86.Build.0 = Release|Win32
		{9BF1ADF3-EB57-35E8-B156-ADE8FFC7E2F0}.RelWithDebInfo|x64.ActiveCfg = RelWithDebInfo|x64
		{9BF1ADF3-EB57-35E8-B156-ADE8FFC7E2F0}.RelWithDebInfo|x64.Build.0 = RelWithDebInfo|x64
		{9BF1ADF3-EB57-35E8-B156-ADE8FFC7E2F0}.RelWithDebInfo|x86.ActiveCfg = RelWithDebInfo|Win32
		{9BF1ADF3-EB57-35E8-B156-ADE8FFC7E2F0}.RelWithDebInfo|x86.Build.0 = RelWithDebInfo|Win32
		{8ECBBDCD-865E-345B-9496-62B82F2FFEC5}.Debug|x64.ActiveCfg = Debug|x64
		{8ECBBDCD-865E-345B-9496-62B82F2FFEC5}.Debug|x64.Build.0 = Debug|x64
		{8ECBBDCD-865E-345B-9496-62B82F2FFEC5}.Debug|x86.ActiveCfg = Debug|Win32
		{8ECBBDCD-865E-345B-9496-62B82F2FFEC5}.Debug|x86.Build.0 = Debug|Win32
		{8ECBBDCD-865E-345B-9496-62B82F2FFEC5}.MinSizeRel|x64.ActiveCfg = MinSizeRel|x64
		{8ECBBDCD-865E-345B-9496-62B82F2FFEC5}.MinSizeRel|x64.Build.0 = MinSizeRel|x64
		{8ECBBDCD-865E-345B-9496-62B82F2FFEC5}.MinSizeRel|x86.ActiveCfg = MinSizeRel|Win32
		{8ECBBDCD-865E-345B-9496-62B82F2FFEC5}.MinSizeRel|x86.Build.0 = MinSizeRel|Win32
		{8ECBBDCD-865E-345B-9496-62B82F2FFEC5}.Preview|x64.ActiveCfg = RelWithDebInfo|x64
		{8ECBBDCD-865E-345B-9496-62B82F2FFEC5}.Preview|x64.Build.0 = RelWithDebInfo|x64
		{8ECBBDCD-865E-345B-9496-62B82F2FFEC5}.Preview|x86.ActiveCfg = RelWithDebInfo|Win32
		{8ECBBDCD-865E-345B-9496-62B82F2FFEC5}.Preview|x86.Build.0 = RelWithDebInfo|Win32
		{8ECBBDCD-865E-345B-9496-62B82F2FFEC5}.Release|x64.ActiveCfg = Release|x64
		{8ECBBDCD-865E-345B-9496-62B82F2FFEC5}.Release|x64.Build.0 = Release|x64
		{8ECBBDCD-865E-345B-9496-62B82F2FFEC5}.Release|x86.ActiveCfg = Release|Win32
		{8ECBBDCD-865E-345B-9496-62B82F2FFEC5}.Release|x86.Build.0 = Release|Win32
		{8ECBBDCD-865E-345B-9496-62B82F2FFEC5}.RelWithDebInfo|x64.ActiveCfg = RelWithDebInfo|x64
		{8ECBBDCD-865E-345B-9496-62B82F2FFEC5}.RelWithDebInfo|x64.Build.0 = RelWithDebInfo|x64
		{8ECBBDCD-865E-345B-9496-62B82F2FFEC5}.RelWithDebInfo|x86.ActiveCfg = RelWithDebInfo|Win32
		{8ECBBDCD-865E-345B-9496-62B82F2FFEC5}.RelWithDebInfo|x86.Build.0 = RelWithDebInfo|Win32
		{4DCE52A5-106C-3D94-815D-C8EBC6133B5E}.Debug|x64.ActiveCfg = Debug|x64
		{4DCE52A5-106C-3D94-815D-C8EBC6133B5E}.Debug|x64.Build.0 = Debug|x64
		{4DCE52A5-106C-3D94-815D-C8EBC6133B5E}.Debug|x86.ActiveCfg = Debug|Win32
		{4DCE52A5-106C-3D94-815D-C8EBC6133B5E}.Debug|x86.Build.0 = Debug|Win32
		{4DCE52A5-106C-3D94-815D-C8EBC6133B5E}.MinSizeRel|x64.ActiveCfg = MinSizeRel|x64
		{4DCE52A5-106C-3D94-815D-C8EBC6133B5E}.MinSizeRel|x64.Build.0 = MinSizeRel|x64
		{4DCE52A5-106C-3D94-815D-C8EBC6133B5E}.MinSizeRel|x86.ActiveCfg = MinSizeRel|Win32
		{4DCE52A5-106C-3D94-815D-C8EBC6133B5E}.MinSizeRel|x86.Build.0 = MinSizeRel|Win32
		{4DCE52A5-106C-3D94-815D-C8EBC6133B5E}.Preview|x64.ActiveCfg = RelWithDebInfo|x64
		{4DCE52A5-106C-3D94-815D-C8EBC6133B5E}.Preview|x64.Build.0 = RelWithDebInfo|x64
		{4DCE52A5-106C-3D94-815D-C8EBC6133B5E}.Preview|x86.ActiveCfg = RelWithDebInfo|Win32
		{4DCE52A5-106C-3D94-815D-C8EBC6133B5E}.Preview|x86.Build.0 = RelWithDebInfo|Win32
		{4DCE52A5-106C-3D94-815D-C8EBC6133B5E}.Release|x64.ActiveCfg = Release|x64
		{4DCE52A5-106C-3D94-815D-C8EBC6133B5E}.Release|x64.Build.0 = Release|x64
		{4DCE52A5-106C-3D94-815D-C8EBC6133B5E}.Release|x86.ActiveCfg = Release|Win32
		{4DCE52A5-106C-3D94-815D-C8EBC6133B5E}.Release|x86.Build.0 = Release|Win32
		{4DCE52A5-106C-3D94-815D-C8EBC6133B5E}.RelWithDebInfo|x64.ActiveCfg = RelWithDebInfo|x64
		{4DCE52A5-106C-3D94-815D-C8EBC6133B5E}.RelWithDebInfo|x64.Build.0 = RelWithDebInfo|x64
		{4DCE52A5-106C-3D94-815D-C8EBC6133B5E}.RelWithDebInfo|x86.ActiveCfg = RelWithDebInfo|Win32
		{4DCE52A5-106C-3D94-815D-C8EBC6133B5E}.RelWithDebInfo|x86.Build.0 = RelWithDebInfo|Win32
		{E0B52AE7-E160-4D32-BF3F-910B785E5A8E}.Debug|x64.ActiveCfg = Debug|x64
		{E0B52AE7-E160-4D32-BF3F-910B785E5A8E}.Debug|x64.Build.0 = Debug|x64
		{E0B52AE7-E160-4D32-BF3F-910B785E5A8E}.Debug|x86.ActiveCfg = Debug|Win32
		{E0B52AE7-E160-4D32-BF3F-910B785E5A8E}.Debug|x86.Build.0 = Debug|Win32
		{E0B52AE7-E160-4D32-BF3F-910B785E5A8E}.MinSizeRel|x64.ActiveCfg = Release|x64
		{E0B52AE7-E160-4D32-BF3F-910B785E5A8E}.MinSizeRel|x64.Build.0 = Release|x64
		{E0B52AE7-E160-4D32-BF3F-910B785E5A8E}.MinSizeRel|x86.ActiveCfg = Release|Win32
		{E0B52AE7-E160-4D32-BF3F-910B785E5A8E}.MinSizeRel|x86.Build.0 = Release|Win32
		{E0B52AE7-E160-4D32-BF3F-910B785E5A8E}.Preview|x64.ActiveCfg = Preview|x64
		{E0B52AE7-E160-4D32-BF3F-910B785E5A8E}.Preview|x64.Build.0 = Preview|x64
		{E0B52AE7-E160-4D32-BF3F-910B785E5A8E}.Preview|x86.ActiveCfg = Preview|Win32
		{E0B52AE7-E160-4D32-BF3F-910B785E5A8E}.Preview|x86.Build.0 = Preview|Win32
		{E0B52AE7-E160-4D32-BF3F-910B785E5A8E}.Release|x64.ActiveCfg = Release|x64
		{E0B52AE7-E160-4D32-BF3F-910B785E5A8E}.Release|x64.Build.0 = Release|x64
		{E0B52AE7-E160-4D32-BF3F-910B785E5A8E}.Release|x86.ActiveCfg = Release|Win32
		{E0B52AE7-E160-4D32-BF3F-910B785E5A8E}.Release|x86.Build.0 = Release|Win32
		{E0B52AE7-E160-4D32-BF3F-910B785E5A8E}.RelWithDebInfo|x64.ActiveCfg = Release|x64
		{E0B52AE7-E160-4D32-BF3F-910B785E5A8E}.RelWithDebInfo|x64.Build.0 = Release|x64
		{E0B52AE7-E160-4D32-BF3F-910B785E5A8E}.RelWithDebInfo|x86.ActiveCfg = Release|Win32
		{E0B52AE7-E160-4D32-BF3F-910B785E5A8E}.RelWithDebInfo|x86.Build.0 = Release|Win32
		{9E0FC05E-69E9-4E14-B784-233842771258}.Debug|x64.ActiveCfg = Debug|x64
		{9E0FC05E-69E9-4E14-B784-233842771258}.Debug|x64.Build.0 = Debug|x64
		{9E0FC05E-69E9-4E14-B784-233842771258}.Debug|x86.ActiveCfg = Debug|Win32
		{9E0FC05E-69E9-4E14-B784-233842771258}.Debug|x86.Build.0 = Debug|Win32
		{9E0FC05E-69E9-4E14-B784-233842771258}.MinSizeRel|x64.ActiveCfg = Release|x64
		{9E0FC05E-69E9-4E14-B784-233842771258}.MinSizeRel|x64.Build.0 = Release|x64
		{9E0FC05E-69E9-4E14-B784-233842771258}.MinSizeRel|x86.ActiveCfg = Release|Win32
		{9E0FC05E-69E9-4E14-B784-233842771258}.MinSizeRel|x86.Build.0 = Release|Win32
		{9E0FC05E-69E9-4E14-B784-233842771258}.Preview|x64.ActiveCfg = Release|x64
		{9E0FC05E-69E9-4E14-B784-233842771258}.Preview|x64.Build.0 = Release|x64
		{9E0FC05E-69E9-4E14-B784-233842771258}.Preview|x86.ActiveCfg = Release|Win32
		{9E0FC05E-69E9-4E14-B784-233842771258}.Preview|x86.Build.0 = Release|Win32
		{9E0FC05E-69E9-4E14-B784-233842771258}.Release|x64.ActiveCfg = Release|x64
		{9E0FC05E-69E9-4E14-B784-233842771258}.Release|x64.Build.0 = Release|x64
		{9E0FC05E-69E9-4E14-B784-233842771258}.Release|x86.ActiveCfg = Release|Win32
		{9E0FC05E-69E9-4E14-B784-233842771258}.Release|x86.Build.0 = Release|Win32
		{9E0FC05E-69E9-4E14-B784-233842771258}.RelWithDebInfo|x64.ActiveCfg = Release|x64
		{9E0FC05E-69E9-4E14-B784-233842771258}.RelWithDebInfo|x64.Build.0 = Release|x64
		{9E0FC05E-69E9-4E14-B784-233842771258}.RelWithDebInfo|x86.ActiveCfg = Release|Win32
		{9E0FC05E-69E9-4E14-B784-233842771258}.RelWithDebInfo|x86.Build.0 = Release|Win32
	EndGlobalSection
	GlobalSection(SolutionProperties) = preSolution
		HideSolutionNode = FALSE
	EndGlobalSection
	GlobalSection(NestedProjects) = preSolution
		{28EF574A-84DB-3CB0-9B45-DB3545B2D05C} = {175B20F3-1A74-49C0-84FB-EAEC7B9D6911}
		{9BF1ADF3-EB57-35E8-B156-ADE8FFC7E2F0} = {175B20F3-1A74-49C0-84FB-EAEC7B9D6911}
		{8ECBBDCD-865E-345B-9496-62B82F2FFEC5} = {175B20F3-1A74-49C0-84FB-EAEC7B9D6911}
		{4DCE52A5-106C-3D94-815D-C8EBC6133B5E} = {175B20F3-1A74-49C0-84FB-EAEC7B9D6911}
		{E0B52AE7-E160-4D32-BF3F-910B785E5A8E} = {175B20F3-1A74-49C0-84FB-EAEC7B9D6911}
	EndGlobalSection
	GlobalSection(ExtensibilityGlobals) = postSolution
		SolutionGuid = {916D06CC-86A0-4054-95E6-7FAE87A9B886}
	EndGlobalSection
EndGlobal
