<?xml version="1.0" encoding="utf-8"?>
<Project ToolsVersion="4.0" xmlns="http://schemas.microsoft.com/developer/msbuild/2003">
  <ItemGroup>
    <Filter Include="ソース ファイル">
      <UniqueIdentifier>{4FC737F1-C7A5-4376-A066-2A32D752A2FF}</UniqueIdentifier>
      <Extensions>cpp;c;cc;cxx;def;odl;idl;hpj;bat;asm;asmx</Extensions>
    </Filter>
    <Filter Include="ヘッダー ファイル">
      <UniqueIdentifier>{93995380-89BD-4b04-88EB-625FBE52EBFB}</UniqueIdentifier>
      <Extensions>h;hh;hpp;hxx;hm;inl;inc;xsd</Extensions>
    </Filter>
    <Filter Include="リソース ファイル">
      <UniqueIdentifier>{67DA6AB6-F800-4c08-8B7A-83BB121AAD01}</UniqueIdentifier>
      <Extensions>rc;ico;cur;bmp;dlg;rc2;rct;bin;rgs;gif;jpg;jpeg;jpe;resx;tiff;tif;png;wav;mfcribbon-ms</Extensions>
    </Filter>
    <Filter Include="ソース ファイル\Map">
      <UniqueIdentifier>{d8b18880-62bb-43b5-8e95-45e0bb4bc02e}</UniqueIdentifier>
    </Filter>
    <Filter Include="ソース ファイル\Map\MapChip">
      <UniqueIdentifier>{bff5da5e-9d3d-413e-b2c7-73ea96d43507}</UniqueIdentifier>
    </Filter>
    <Filter Include="ソース ファイル\Assets">
      <UniqueIdentifier>{d2959fce-86b1-4097-a78a-08621cd7ae81}</UniqueIdentifier>
    </Filter>
    <Filter Include="ソース ファイル\Player">
      <UniqueIdentifier>{fec21044-c359-4445-b351-572f4bf9abdb}</UniqueIdentifier>
    </Filter>
    <Filter Include="ソース ファイル\Enemy">
      <UniqueIdentifier>{0eaf0a26-752e-41b7-bc44-3a456ae73350}</UniqueIdentifier>
    </Filter>
    <Filter Include="ソース ファイル\UI">
      <UniqueIdentifier>{660794ff-c4a4-4d7b-8f0b-9724e227c179}</UniqueIdentifier>
    </Filter>
    <Filter Include="ソース ファイル\UI\MiniMap">
      <UniqueIdentifier>{f283ccba-aef8-4f5f-a5d2-15019b3b3c02}</UniqueIdentifier>
    </Filter>
    <Filter Include="ソース ファイル\UI\DamageNumber">
      <UniqueIdentifier>{32f2ec74-b50e-4788-b125-04ae971952fa}</UniqueIdentifier>
    </Filter>
    <Filter Include="ソース ファイル\Scene">
      <UniqueIdentifier>{e0ede6b2-fd4f-4bf6-b96e-acf0b148326f}</UniqueIdentifier>
    </Filter>
    <Filter Include="ソース ファイル\UI\WeaponSelect">
      <UniqueIdentifier>{d189a704-f5f2-4120-ad87-99c01945ad9c}</UniqueIdentifier>
    </Filter>
  </ItemGroup>
  <ItemGroup>
    <ClCompile Include="main.cpp">
      <Filter>ソース ファイル</Filter>
    </ClCompile>
    <ClCompile Include="stdafx.cpp">
      <Filter>ソース ファイル</Filter>
    </ClCompile>
    <ClCompile Include="Test.cpp">
      <Filter>ソース ファイル</Filter>
    </ClCompile>
    <ClCompile Include="Map\Map.cpp">
      <Filter>ソース ファイル\Map</Filter>
    </ClCompile>
    <ClCompile Include="Map\MapChip\MapChip.cpp">
      <Filter>ソース ファイル\Map\MapChip</Filter>
    </ClCompile>
    <ClCompile Include="Map\MapChip\StaticMapObject.cpp">
      <Filter>ソース ファイル\Map\MapChip</Filter>
    </ClCompile>
    <ClCompile Include="GameCamera.cpp">
      <Filter>ソース ファイル</Filter>
    </ClCompile>
    <ClCompile Include="Player\Player.cpp">
      <Filter>ソース ファイル\Player</Filter>
    </ClCompile>
    <ClCompile Include="Enemy\Enemy.cpp">
      <Filter>ソース ファイル\Enemy</Filter>
    </ClCompile>
    <ClCompile Include="UI\MiniMap\MiniMap.cpp">
      <Filter>ソース ファイル\UI\MiniMap</Filter>
    </ClCompile>
    <ClCompile Include="UI\DamageNumber\DamageNumber.cpp">
      <Filter>ソース ファイル\UI\DamageNumber</Filter>
    </ClCompile>
    <ClCompile Include="Scene\GameScene.cpp">
      <Filter>ソース ファイル\Scene</Filter>
    </ClCompile>
    <ClCompile Include="UI\DamageNumber\Number.cpp">
      <Filter>ソース ファイル\UI\DamageNumber</Filter>
    </ClCompile>
    <ClCompile Include="UI\WeaponSelect\WeaponSelect.cpp">
      <Filter>ソース ファイル\UI\WeaponSelect</Filter>
    </ClCompile>
  </ItemGroup>
  <ItemGroup>
    <ClInclude Include="stdafx.h">
      <Filter>ソース ファイル</Filter>
    </ClInclude>
    <ClInclude Include="Test.h">
      <Filter>ソース ファイル</Filter>
    </ClInclude>
    <ClInclude Include="Map\Map.h">
      <Filter>ソース ファイル\Map</Filter>
    </ClInclude>
    <ClInclude Include="Map\MapChip\MapChip.h">
      <Filter>ソース ファイル\Map\MapChip</Filter>
    </ClInclude>
    <ClInclude Include="Map\MapChip\StaticMapObject.h">
      <Filter>ソース ファイル\Map\MapChip</Filter>
    </ClInclude>
    <ClInclude Include="GameCamera.h">
      <Filter>ソース ファイル</Filter>
    </ClInclude>
    <ClInclude Include="Player\Player.h">
      <Filter>ソース ファイル\Player</Filter>
    </ClInclude>
    <ClInclude Include="Enemy\Enemy.h">
      <Filter>ソース ファイル\Enemy</Filter>
    </ClInclude>
    <ClInclude Include="UI\MiniMap\MiniMap.h">
      <Filter>ソース ファイル\UI\MiniMap</Filter>
    </ClInclude>
    <ClInclude Include="UI\DamageNumber\DamageNumber.h">
      <Filter>ソース ファイル\UI\DamageNumber</Filter>
    </ClInclude>
    <ClInclude Include="Scene\GameScene.h">
      <Filter>ソース ファイル\Scene</Filter>
    </ClInclude>
    <ClInclude Include="UI\DamageNumber\Number.h">
      <Filter>ソース ファイル\UI\DamageNumber</Filter>
    </ClInclude>
    <ClInclude Include="UI\WeaponSelect\WeaponSelect.h">
      <Filter>ソース ファイル\UI\WeaponSelect</Filter>
    </ClInclude>
  </ItemGroup>
  <ItemGroup>
    <CustomBuild Include="Assets\shader\sprite.fx">
      <Filter>ソース ファイル</Filter>
    </CustomBuild>
  </ItemGroup>
  <ItemGroup>
    <MeshContentTask Include="Assets\modelData\Unitychan2.fbx" />
    <MeshContentTask Include="Assets\modelData\Player.fbx">
      <Filter>ソース ファイル\Assets</Filter>
    </MeshContentTask>
    <MeshContentTask Include="Assets\modelData\testChamferBox.FBX">
      <Filter>ソース ファイル\Assets</Filter>
    </MeshContentTask>
    <MeshContentTask Include="Assets\modelData\testGround.FBX">
      <Filter>ソース ファイル\Assets</Filter>
    </MeshContentTask>
    <MeshContentTask Include="Assets\modelData\testRectangle.FBX">
      <Filter>ソース ファイル\Assets</Filter>
    </MeshContentTask>
    <MeshContentTask Include="Assets\modelData\U2.FBX">
      <Filter>ソース ファイル\Assets</Filter>
    </MeshContentTask>
    <MeshContentTask Include="Assets\modelData\Unitychan.FBX">
      <Filter>ソース ファイル\Assets</Filter>
    </MeshContentTask>
    <MeshContentTask Include="Assets\modelData\Wave.FBX">
      <Filter>ソース ファイル\Assets</Filter>
    </MeshContentTask>
    <MeshContentTask Include="Assets\modelData\map2.FBX">
      <Filter>ソース ファイル\Assets</Filter>
    </MeshContentTask>
  </ItemGroup>
</Project>