<?xml version="1.0" encoding="utf-8"?>
<Project ToolsVersion="4.0" xmlns="http://schemas.microsoft.com/developer/msbuild/2003">
  <ItemGroup>
    <Filter Include="ソース ファイル">
      <UniqueIdentifier>{4FC737F1-C7A5-4376-A066-2A32D752A2FF}</UniqueIdentifier>
      <Extensions>cpp;c;cc;cxx;def;odl;idl;hpj;bat;asm;asmx</Extensions>
    </Filter>
    <Filter Include="ヘッダー ファイル">
      <UniqueIdentifier>{93995380-89BD-4b04-88EB-625FBE52EBFB}</UniqueIdentifier>
      <Extensions>h;hh;hpp;hxx;hm;inl;inc;xsd</Extensions>
    </Filter>
    <Filter Include="リソース ファイル">
      <UniqueIdentifier>{67DA6AB6-F800-4c08-8B7A-83BB121AAD01}</UniqueIdentifier>
      <Extensions>rc;ico;cur;bmp;dlg;rc2;rct;bin;rgs;gif;jpg;jpeg;jpe;resx;tiff;tif;png;wav;mfcribbon-ms</Extensions>
    </Filter>
    <Filter Include="ソース ファイル\Map">
      <UniqueIdentifier>{d8b18880-62bb-43b5-8e95-45e0bb4bc02e}</UniqueIdentifier>
    </Filter>
    <Filter Include="ソース ファイル\Map\MapChip">
      <UniqueIdentifier>{bff5da5e-9d3d-413e-b2c7-73ea96d43507}</UniqueIdentifier>
    </Filter>
    <Filter Include="ソース ファイル\Assets">
      <UniqueIdentifier>{d2959fce-86b1-4097-a78a-08621cd7ae81}</UniqueIdentifier>
    </Filter>
    <Filter Include="ソース ファイル\Player">
      <UniqueIdentifier>{fec21044-c359-4445-b351-572f4bf9abdb}</UniqueIdentifier>
    </Filter>
    <Filter Include="ソース ファイル\Enemy">
      <UniqueIdentifier>{0eaf0a26-752e-41b7-bc44-3a456ae73350}</UniqueIdentifier>
    </Filter>
    <Filter Include="ソース ファイル\UI">
      <UniqueIdentifier>{660794ff-c4a4-4d7b-8f0b-9724e227c179}</UniqueIdentifier>
    </Filter>
    <Filter Include="ソース ファイル\UI\DamageNumber">
      <UniqueIdentifier>{32f2ec74-b50e-4788-b125-04ae971952fa}</UniqueIdentifier>
    </Filter>
    <Filter Include="ソース ファイル\Scene">
      <UniqueIdentifier>{e0ede6b2-fd4f-4bf6-b96e-acf0b148326f}</UniqueIdentifier>
    </Filter>
    <Filter Include="ソース ファイル\UI\WeaponSelect">
      <UniqueIdentifier>{d189a704-f5f2-4120-ad87-99c01945ad9c}</UniqueIdentifier>
    </Filter>
    <Filter Include="ソース ファイル\UI\PlayerHp">
      <UniqueIdentifier>{248a276b-0149-4fbe-afb3-ee335170e663}</UniqueIdentifier>
    </Filter>
    <Filter Include="ソース ファイル\UI\Menu">
      <UniqueIdentifier>{20802979-009f-4ea3-861d-a988d477fe36}</UniqueIdentifier>
    </Filter>
    <Filter Include="ソース ファイル\UI\MiniMap">
      <UniqueIdentifier>{a154942c-4880-4acf-8542-357018c797c9}</UniqueIdentifier>
    </Filter>
    <Filter Include="ソース ファイル\Item">
      <UniqueIdentifier>{fe491995-d611-4183-8285-c214638a84fe}</UniqueIdentifier>
    </Filter>
    <Filter Include="ソース ファイル\Enemy\EnemyState">
      <UniqueIdentifier>{60565a7a-3ee7-45e5-8a4e-95544f8bb660}</UniqueIdentifier>
    </Filter>
    <Filter Include="ソース ファイル\Camera">
      <UniqueIdentifier>{67b0dd73-0c92-4e27-a6f2-f884555a7cf7}</UniqueIdentifier>
    </Filter>
    <Filter Include="ソース ファイル\UI\Result">
      <UniqueIdentifier>{781de762-48a6-4427-8912-94ae152b0f15}</UniqueIdentifier>
    </Filter>
    <Filter Include="ソース ファイル\Player\PlayerSate">
      <UniqueIdentifier>{78a5d28b-6f9a-4978-9875-12bede60a5e2}</UniqueIdentifier>
    </Filter>
  </ItemGroup>
  <ItemGroup>
    <ClCompile Include="main.cpp">
      <Filter>ソース ファイル</Filter>
    </ClCompile>
    <ClCompile Include="stdafx.cpp">
      <Filter>ソース ファイル</Filter>
    </ClCompile>
    <ClCompile Include="Map\MapChip\MapChip.cpp">
      <Filter>ソース ファイル\Map\MapChip</Filter>
    </ClCompile>
    <ClCompile Include="Map\MapChip\StaticMapObject.cpp">
      <Filter>ソース ファイル\Map\MapChip</Filter>
    </ClCompile>
    <ClCompile Include="Player\Player.cpp">
      <Filter>ソース ファイル\Player</Filter>
    </ClCompile>
    <ClCompile Include="UI\DamageNumber\DamageNumber.cpp">
      <Filter>ソース ファイル\UI\DamageNumber</Filter>
    </ClCompile>
    <ClCompile Include="Scene\GameScene.cpp">
      <Filter>ソース ファイル\Scene</Filter>
    </ClCompile>
    <ClCompile Include="UI\DamageNumber\Number.cpp">
      <Filter>ソース ファイル\UI\DamageNumber</Filter>
    </ClCompile>
    <ClCompile Include="UI\WeaponSelect\WeaponSelect.cpp">
      <Filter>ソース ファイル\UI\WeaponSelect</Filter>
    </ClCompile>
    <ClCompile Include="UI\PlayerHp\PlayerHp.cpp">
      <Filter>ソース ファイル\UI\PlayerHp</Filter>
    </ClCompile>
    <ClCompile Include="UI\MiniMap\MiniMap.cpp">
      <Filter>ソース ファイル\UI\MiniMap</Filter>
    </ClCompile>
    <ClCompile Include="UI\Menu\Menu.cpp">
      <Filter>ソース ファイル\UI\Menu</Filter>
    </ClCompile>
    <ClCompile Include="Itam\RecoveryItem.cpp">
      <Filter>ソース ファイル\Item</Filter>
    </ClCompile>
    <ClCompile Include="Itam\Money.cpp">
      <Filter>ソース ファイル\Item</Filter>
    </ClCompile>
    <ClCompile Include="Itam\IItem.cpp">
      <Filter>ソース ファイル\Item</Filter>
    </ClCompile>
    <ClCompile Include="Camera\GameCamera.cpp">
      <Filter>ソース ファイル\Camera</Filter>
    </ClCompile>
    <ClCompile Include="UI\Result\Result.cpp">
      <Filter>ソース ファイル\UI\Result</Filter>
    </ClCompile>
    <ClCompile Include="Scene\SceneManager.cpp">
      <Filter>ソース ファイル\Scene</Filter>
    </ClCompile>
    <ClCompile Include="Player\PlayerSate\PlayerWalk.cpp">
      <Filter>ソース ファイル\Player\PlayerSate</Filter>
    </ClCompile>
    <ClCompile Include="Player\PlayerSate\PlayerRun.cpp">
      <Filter>ソース ファイル\Player\PlayerSate</Filter>
    </ClCompile>
    <ClCompile Include="Player\PlayerSate\PlayerStand.cpp">
      <Filter>ソース ファイル\Player\PlayerSate</Filter>
    </ClCompile>
    <ClCompile Include="Player\PlayerSate\PlayerStateMachine.cpp">
      <Filter>ソース ファイル\Player\PlayerSate</Filter>
    </ClCompile>
    <ClCompile Include="Player\PlayerSate\PlayerAttack.cpp">
      <Filter>ソース ファイル\Player\PlayerSate</Filter>
    </ClCompile>
    <ClCompile Include="Player\PlayerSate\PlayerDied.cpp">
      <Filter>ソース ファイル\Player\PlayerSate</Filter>
    </ClCompile>
    <ClCompile Include="Player\PlayerSate\PlayerDamage.cpp">
      <Filter>ソース ファイル\Player\PlayerSate</Filter>
    </ClCompile>
    <ClCompile Include="Enemy\EnemyState\EnemyAttack.cpp">
      <Filter>ソース ファイル\Enemy\EnemyState</Filter>
    </ClCompile>
    <ClCompile Include="Enemy\EnemyState\EnemyChase.cpp">
      <Filter>ソース ファイル\Enemy\EnemyState</Filter>
    </ClCompile>
    <ClCompile Include="Enemy\EnemyState\EnemyDamage.cpp">
      <Filter>ソース ファイル\Enemy\EnemyState</Filter>
    </ClCompile>
    <ClCompile Include="Enemy\EnemyState\EnemyDeath.cpp">
      <Filter>ソース ファイル\Enemy\EnemyState</Filter>
    </ClCompile>
    <ClCompile Include="Enemy\EnemyState\EnemyIdle.cpp">
      <Filter>ソース ファイル\Enemy\EnemyState</Filter>
    </ClCompile>
    <ClCompile Include="Enemy\EnemyState\EnemyStateMachine.cpp">
      <Filter>ソース ファイル\Enemy\EnemyState</Filter>
    </ClCompile>
    <ClCompile Include="Enemy\EnemyState\EnemyWalk.cpp">
      <Filter>ソース ファイル\Enemy\EnemyState</Filter>
    </ClCompile>
    <ClCompile Include="Enemy\EnemyGroup.cpp">
      <Filter>ソース ファイル\Enemy</Filter>
    </ClCompile>
    <ClCompile Include="Enemy\EnemySearch.cpp">
      <Filter>ソース ファイル\Enemy</Filter>
    </ClCompile>
    <ClCompile Include="Enemy\EnemyTurn.cpp">
      <Filter>ソース ファイル\Enemy</Filter>
    </ClCompile>
    <ClCompile Include="Enemy\IEnemy.cpp">
      <Filter>ソース ファイル\Enemy</Filter>
    </ClCompile>
    <ClCompile Include="Enemy\Ninja.cpp">
      <Filter>ソース ファイル\Enemy</Filter>
    </ClCompile>
    <ClCompile Include="Enemy\Samurai.cpp">
      <Filter>ソース ファイル\Enemy</Filter>
    </ClCompile>
    <ClCompile Include="Enemy\Warrok.cpp">
      <Filter>ソース ファイル\Enemy</Filter>
    </ClCompile>
    <ClCompile Include="Enemy\Zombie.cpp">
      <Filter>ソース ファイル\Enemy</Filter>
    </ClCompile>
    <ClCompile Include="Map\Map.cpp">
      <Filter>ソース ファイル\Map</Filter>
    </ClCompile>
    <ClCompile Include="Player\PlayerSate\PlayerJump.cpp">
      <Filter>ソース ファイル\Player\PlayerSate</Filter>
    </ClCompile>
    <ClCompile Include="Player\PlayerRotation.cpp">
      <Filter>ソース ファイル\Player</Filter>
    </ClCompile>
    <ClCompile Include="Player\PlayerSate\PlayerAvoidance.cpp">
      <Filter>ソース ファイル\Player\PlayerSate</Filter>
    </ClCompile>
    <ClCompile Include="Player\PlayerMove.cpp">
      <Filter>ソース ファイル\Player</Filter>
    </ClCompile>
    <ClCompile Include="Player\PlayerArrow.cpp">
      <Filter>ソース ファイル\Player</Filter>
    </ClCompile>
    <ClCompile Include="Player\PlayerSate\PlayerArrowAttack.cpp">
      <Filter>ソース ファイル\Player\PlayerSate</Filter>
    </ClCompile>
  </ItemGroup>
  <ItemGroup>
    <ClInclude Include="stdafx.h">
      <Filter>ソース ファイル</Filter>
    </ClInclude>
    <ClInclude Include="Map\MapChip\MapChip.h">
      <Filter>ソース ファイル\Map\MapChip</Filter>
    </ClInclude>
    <ClInclude Include="Map\MapChip\StaticMapObject.h">
      <Filter>ソース ファイル\Map\MapChip</Filter>
    </ClInclude>
    <ClInclude Include="Player\Player.h">
      <Filter>ソース ファイル\Player</Filter>
    </ClInclude>
    <ClInclude Include="UI\DamageNumber\DamageNumber.h">
      <Filter>ソース ファイル\UI\DamageNumber</Filter>
    </ClInclude>
    <ClInclude Include="Scene\GameScene.h">
      <Filter>ソース ファイル\Scene</Filter>
    </ClInclude>
    <ClInclude Include="UI\DamageNumber\Number.h">
      <Filter>ソース ファイル\UI\DamageNumber</Filter>
    </ClInclude>
    <ClInclude Include="UI\WeaponSelect\WeaponSelect.h">
      <Filter>ソース ファイル\UI\WeaponSelect</Filter>
    </ClInclude>
    <ClInclude Include="UI\PlayerHp\PlayerHp.h">
      <Filter>ソース ファイル\UI\PlayerHp</Filter>
    </ClInclude>
    <ClInclude Include="UI\MiniMap\MiniMap.h">
      <Filter>ソース ファイル\UI\MiniMap</Filter>
    </ClInclude>
    <ClInclude Include="UI\Menu\Menu.h">
      <Filter>ソース ファイル\UI\Menu</Filter>
    </ClInclude>
    <ClInclude Include="Itam\RecoveryItem.h">
      <Filter>ソース ファイル\Item</Filter>
    </ClInclude>
    <ClInclude Include="Itam\Money.h">
      <Filter>ソース ファイル\Item</Filter>
    </ClInclude>
    <ClInclude Include="Itam\IItem.h">
      <Filter>ソース ファイル\Item</Filter>
    </ClInclude>
    <ClInclude Include="Camera\GameCamera.h">
      <Filter>ソース ファイル\Camera</Filter>
    </ClInclude>
    <ClInclude Include="UI\Result\Result.h">
      <Filter>ソース ファイル\UI\Result</Filter>
    </ClInclude>
    <ClInclude Include="Scene\SceneManager.h">
      <Filter>ソース ファイル\Scene</Filter>
    </ClInclude>
    <ClInclude Include="Player\PlayerSate\IPlayerState.h">
      <Filter>ソース ファイル\Player\PlayerSate</Filter>
    </ClInclude>
    <ClInclude Include="Player\PlayerSate\PlayerWalk.h">
      <Filter>ソース ファイル\Player\PlayerSate</Filter>
    </ClInclude>
    <ClInclude Include="Player\PlayerSate\PlayerRun.h">
      <Filter>ソース ファイル\Player\PlayerSate</Filter>
    </ClInclude>
    <ClInclude Include="Player\PlayerSate\PlayerStand.h">
      <Filter>ソース ファイル\Player\PlayerSate</Filter>
    </ClInclude>
    <ClInclude Include="Player\PlayerSate\PlayerStateMachine.h">
      <Filter>ソース ファイル\Player\PlayerSate</Filter>
    </ClInclude>
    <ClInclude Include="Player\PlayerSate\PlayerState.h">
      <Filter>ソース ファイル\Player\PlayerSate</Filter>
    </ClInclude>
    <ClInclude Include="Player\PlayerSate\PlayerAttack.h">
      <Filter>ソース ファイル\Player\PlayerSate</Filter>
    </ClInclude>
    <ClInclude Include="Player\PlayerSate\PlayerDied.h">
      <Filter>ソース ファイル\Player\PlayerSate</Filter>
    </ClInclude>
    <ClInclude Include="Player\PlayerSate\PlayerDamage.h">
      <Filter>ソース ファイル\Player\PlayerSate</Filter>
    </ClInclude>
    <ClInclude Include="Enemy\EnemyState\EnemyAttack.h">
      <Filter>ソース ファイル\Enemy\EnemyState</Filter>
    </ClInclude>
    <ClInclude Include="Enemy\EnemyState\EnemyChase.h">
      <Filter>ソース ファイル\Enemy\EnemyState</Filter>
    </ClInclude>
    <ClInclude Include="Enemy\EnemyState\EnemyDamage.h">
      <Filter>ソース ファイル\Enemy\EnemyState</Filter>
    </ClInclude>
    <ClInclude Include="Enemy\EnemyState\EnemyDeath.h">
      <Filter>ソース ファイル\Enemy\EnemyState</Filter>
    </ClInclude>
    <ClInclude Include="Enemy\EnemyState\EnemyIdle.h">
      <Filter>ソース ファイル\Enemy\EnemyState</Filter>
    </ClInclude>
    <ClInclude Include="Enemy\EnemyState\EnemyState.h">
      <Filter>ソース ファイル\Enemy\EnemyState</Filter>
    </ClInclude>
    <ClInclude Include="Enemy\EnemyState\EnemyStateMachine.h">
      <Filter>ソース ファイル\Enemy\EnemyState</Filter>
    </ClInclude>
    <ClInclude Include="Enemy\EnemyState\EnemyWalk.h">
      <Filter>ソース ファイル\Enemy\EnemyState</Filter>
    </ClInclude>
    <ClInclude Include="Enemy\EnemyState\IEnemyState.h">
      <Filter>ソース ファイル\Enemy\EnemyState</Filter>
    </ClInclude>
    <ClInclude Include="Enemy\EnemyGroup.h">
      <Filter>ソース ファイル\Enemy</Filter>
    </ClInclude>
    <ClInclude Include="Enemy\EnemySearch.h">
      <Filter>ソース ファイル\Enemy</Filter>
    </ClInclude>
    <ClInclude Include="Enemy\EnemyTurn.h">
      <Filter>ソース ファイル\Enemy</Filter>
    </ClInclude>
    <ClInclude Include="Enemy\IEnemy.h">
      <Filter>ソース ファイル\Enemy</Filter>
    </ClInclude>
    <ClInclude Include="Enemy\Ninja.h">
      <Filter>ソース ファイル\Enemy</Filter>
    </ClInclude>
    <ClInclude Include="Enemy\Samurai.h">
      <Filter>ソース ファイル\Enemy</Filter>
    </ClInclude>
    <ClInclude Include="Enemy\Warrok.h">
      <Filter>ソース ファイル\Enemy</Filter>
    </ClInclude>
    <ClInclude Include="Enemy\Zombie.h">
      <Filter>ソース ファイル\Enemy</Filter>
    </ClInclude>
    <ClInclude Include="Map\Map.h">
      <Filter>ソース ファイル\Map</Filter>
    </ClInclude>
    <ClInclude Include="Player\PlayerSate\PlayerJump.h">
      <Filter>ソース ファイル\Player\PlayerSate</Filter>
    </ClInclude>
    <ClInclude Include="Player\PlayerRotation.h">
      <Filter>ソース ファイル\Player</Filter>
    </ClInclude>
    <ClInclude Include="Player\PlayerSate\PlayerAvoidance.h">
      <Filter>ソース ファイル\Player\PlayerSate</Filter>
    </ClInclude>
    <ClInclude Include="Player\PlayerMove.h">
      <Filter>ソース ファイル\Player</Filter>
    </ClInclude>
    <ClInclude Include="Player\PlayerArrow.h">
      <Filter>ソース ファイル\Player</Filter>
    </ClInclude>
    <ClInclude Include="Player\PlayerSate\PlayerArrowAttack.h">
      <Filter>ソース ファイル\Player\PlayerSate</Filter>
    </ClInclude>
  </ItemGroup>
  <ItemGroup>
    <CustomBuild Include="Assets\shader\sprite.fx">
      <Filter>ソース ファイル</Filter>
    </CustomBuild>
  </ItemGroup>
  <ItemGroup>
    <MeshContentTask Include="Assets\modelData\Arrow.fbx">
      <Filter>ソース ファイル\Assets</Filter>
    </MeshContentTask>
    <MeshContentTask Include="Assets\modelData\Barrel.FBX">
      <Filter>ソース ファイル\Assets</Filter>
    </MeshContentTask>
    <MeshContentTask Include="Assets\modelData\House.FBX">
      <Filter>ソース ファイル\Assets</Filter>
    </MeshContentTask>
    <MeshContentTask Include="Assets\modelData\LongBow.FBX">
      <Filter>ソース ファイル\Assets</Filter>
    </MeshContentTask>
    <MeshContentTask Include="Assets\modelData\map2.FBX">
      <Filter>ソース ファイル\Assets</Filter>
    </MeshContentTask>
    <MeshContentTask Include="Assets\modelData\Player.fbx">
      <Filter>ソース ファイル\Assets</Filter>
    </MeshContentTask>
    <MeshContentTask Include="Assets\modelData\Sword.fbx">
      <Filter>ソース ファイル\Assets</Filter>
    </MeshContentTask>
    <MeshContentTask Include="Assets\modelData\testChamferBox.FBX">
      <Filter>ソース ファイル\Assets</Filter>
    </MeshContentTask>
    <MeshContentTask Include="Assets\modelData\testGround.FBX">
      <Filter>ソース ファイル\Assets</Filter>
    </MeshContentTask>
    <MeshContentTask Include="Assets\modelData\testRectangle.FBX">
      <Filter>ソース ファイル\Assets</Filter>
    </MeshContentTask>
    <MeshContentTask Include="Assets\modelData\TownHouse.fbx">
      <Filter>ソース ファイル\Assets</Filter>
    </MeshContentTask>
    <MeshContentTask Include="Assets\modelData\TownHouse1.fbx">
      <Filter>ソース ファイル\Assets</Filter>
    </MeshContentTask>
    <MeshContentTask Include="Assets\modelData\U2.FBX">
      <Filter>ソース ファイル\Assets</Filter>
    </MeshContentTask>
    <MeshContentTask Include="Assets\modelData\Unitychan.FBX">
      <Filter>ソース ファイル\Assets</Filter>
    </MeshContentTask>
    <MeshContentTask Include="Assets\modelData\Warrok.fbx">
      <Filter>ソース ファイル\Assets</Filter>
    </MeshContentTask>
    <MeshContentTask Include="Assets\modelData\Wave.FBX">
      <Filter>ソース ファイル\Assets</Filter>
    </MeshContentTask>
    <MeshContentTask Include="Assets\modelData\Zombi.FBX">
      <Filter>ソース ファイル\Assets</Filter>
    </MeshContentTask>
    <MeshContentTask Include="Assets\modelData\Heart.fbx">
      <Filter>ソース ファイル\Assets</Filter>
    </MeshContentTask>
    <MeshContentTask Include="Assets\modelData\Money.fbx">
      <Filter>ソース ファイル\Assets</Filter>
    </MeshContentTask>
    <MeshContentTask Include="Assets\modelData\Ninja.FBX">
      <Filter>ソース ファイル\Assets</Filter>
    </MeshContentTask>
    <MeshContentTask Include="Assets\modelData\Samurai.FBX">
      <Filter>ソース ファイル\Assets</Filter>
    </MeshContentTask>
    <MeshContentTask Include="Assets\modelData\TwinSword.fbx">
      <Filter>ソース ファイル\Assets</Filter>
    </MeshContentTask>
    <MeshContentTask Include="Assets\modelData\LargeSword.fbx">
      <Filter>ソース ファイル\Assets</Filter>
    </MeshContentTask>
    <MeshContentTask Include="Assets\modelData\Yasikib.FBX">
      <Filter>ソース ファイル\Assets</Filter>
    </MeshContentTask>
    <MeshContentTask Include="Assets\modelData\Yasikic.FBX">
      <Filter>ソース ファイル\Assets</Filter>
    </MeshContentTask>
    <MeshContentTask Include="Assets\modelData\Yasikia.FBX">
      <Filter>ソース ファイル\Assets</Filter>
    </MeshContentTask>
    <MeshContentTask Include="Assets\modelData\Brock.FBX">
      <Filter>ソース ファイル\Assets</Filter>
    </MeshContentTask>
    <MeshContentTask Include="Assets\modelData\umi.FBX">
      <Filter>ソース ファイル\Assets</Filter>
    </MeshContentTask>
    <MeshContentTask Include="Assets\modelData\Unitychan2.fbx">
      <Filter>ソース ファイル\Assets</Filter>
    </MeshContentTask>
  </ItemGroup>
</Project>